
Microsoft Visual Studio Solution File, Format Version 12.00
# Visual Studio Version 16
VisualStudioVersion = 16.0.28803.156
MinimumVisualStudioVersion = 10.0.40219.1
Project("{888888A0-9F3D-457C-B088-3A5042F75D52}") = "SquidskiBotMain", "SquidskiBotMain\SquidskiBotMain.pyproj", "{BC133387-388C-40C7-AF12-BD2E79C69A8A}"
EndProject
Project("{9A19103F-16F7-4668-BE54-9A1E7A4F7556}") = "VDCSearch", "VDCSearch\VDCSearch.csproj", "{A1664F14-D80E-4DE8-824D-CF4A8A89205E}"
EndProject
Global
	GlobalSection(SolutionConfigurationPlatforms) = preSolution
		Debug|Any CPU = Debug|Any CPU
		Release|Any CPU = Release|Any CPU
	EndGlobalSection
	GlobalSection(ProjectConfigurationPlatforms) = postSolution
		{BC133387-388C-40C7-AF12-BD2E79C69A8A}.Debug|Any CPU.ActiveCfg = Debug|Any CPU
		{BC133387-388C-40C7-AF12-BD2E79C69A8A}.Release|Any CPU.ActiveCfg = Release|Any CPU
		{A1664F14-D80E-4DE8-824D-CF4A8A89205E}.Debug|Any CPU.ActiveCfg = Debug|Any CPU
		{A1664F14-D80E-4DE8-824D-CF4A8A89205E}.Debug|Any CPU.Build.0 = Debug|Any CPU
		{A1664F14-D80E-4DE8-824D-CF4A8A89205E}.Release|Any CPU.ActiveCfg = Release|Any CPU
		{A1664F14-D80E-4DE8-824D-CF4A8A89205E}.Release|Any CPU.Build.0 = Release|Any CPU
	EndGlobalSection
	GlobalSection(SolutionProperties) = preSolution
		HideSolutionNode = FALSE
	EndGlobalSection
	GlobalSection(ExtensibilityGlobals) = postSolution
		SolutionGuid = {B9DFCC88-C4F5-48AA-8B3F-550C6147F66E}
	EndGlobalSection
EndGlobal
